
Microsoft Visual Studio Solution File, Format Version 12.00
# Visual Studio Version 16
VisualStudioVersion = 16.0.31025.194
MinimumVisualStudioVersion = 10.0.40219.1
Project("{FAE04EC0-301F-11D3-BF4B-00C04F79EFBC}") = "TarefasAPi", "TarefasAPi\TarefasAPi.csproj", "{935C0F28-CF02-455D-AE19-22EC1E601DB8}"
EndProject
Global
	GlobalSection(SolutionConfigurationPlatforms) = preSolution
		Debug|Any CPU = Debug|Any CPU
		Release|Any CPU = Release|Any CPU
	EndGlobalSection
	GlobalSection(ProjectConfigurationPlatforms) = postSolution
		{935C0F28-CF02-455D-AE19-22EC1E601DB8}.Debug|Any CPU.ActiveCfg = Debug|Any CPU
		{935C0F28-CF02-455D-AE19-22EC1E601DB8}.Debug|Any CPU.Build.0 = Debug|Any CPU
		{935C0F28-CF02-455D-AE19-22EC1E601DB8}.Release|Any CPU.ActiveCfg = Release|Any CPU
		{935C0F28-CF02-455D-AE19-22EC1E601DB8}.Release|Any CPU.Build.0 = Release|Any CPU
	EndGlobalSection
	GlobalSection(SolutionProperties) = preSolution
		HideSolutionNode = FALSE
	EndGlobalSection
	GlobalSection(ExtensibilityGlobals) = postSolution
		SolutionGuid = {E5DB9537-CF47-4145-9CE0-380791454893}
	EndGlobalSection
EndGlobal
